
Microsoft Visual Studio Solution File, Format Version 12.00
# Visual Studio Version 17
VisualStudioVersion = 17.1.32228.430
MinimumVisualStudioVersion = 10.0.40219.1
Project("{FAE04EC0-301F-11D3-BF4B-00C04F79EFBC}") = "Project", "Project\Project.csproj", "{4418946E-5C97-47BA-AEAA-15631BE7ADBF}"
EndProject
Global
	GlobalSection(SolutionConfigurationPlatforms) = preSolution
		Debug|Any CPU = Debug|Any CPU
		Release|Any CPU = Release|Any CPU
	EndGlobalSection
	GlobalSection(ProjectConfigurationPlatforms) = postSolution
		{4418946E-5C97-47BA-AEAA-15631BE7ADBF}.Debug|Any CPU.ActiveCfg = Debug|Any CPU
		{4418946E-5C97-47BA-AEAA-15631BE7ADBF}.Debug|Any CPU.Build.0 = Debug|Any CPU
		{4418946E-5C97-47BA-AEAA-15631BE7ADBF}.Release|Any CPU.ActiveCfg = Release|Any CPU
		{4418946E-5C97-47BA-AEAA-15631BE7ADBF}.Release|Any CPU.Build.0 = Release|Any CPU
	EndGlobalSection
	GlobalSection(SolutionProperties) = preSolution
		HideSolutionNode = FALSE
	EndGlobalSection
	GlobalSection(ExtensibilityGlobals) = postSolution
		SolutionGuid = {4DC950FC-AC1B-4568-863D-35D94F47C417}
	EndGlobalSection
EndGlobal
